# This file was autogenerated by Stack.
# You should not edit this file by hand.
# For more information, please see the documentation at:
#   https://docs.haskellstack.org/en/stable/lock_files

packages:
- completed:
    size: 17280
    url: https://github.com/KalinD/sprockell/archive/2a8a1c1ab0f1ce46e9ec87224c4a957c78164098.tar.gz
    name: sprockell
    version: 2022.0.0
    sha256: 4ddc468f0968dfa72eb3016632a4623fa964bc8756e754dce842d95ed1e81779
    pantry-tree:
      size: 1303
      sha256: 8e26b6ed05b10797000dbd340bebe963f3eddfd47246307d0f8fd372b9c2023c
  original:
    url: https://github.com/KalinD/sprockell/archive/2a8a1c1ab0f1ce46e9ec87224c4a957c78164098.tar.gz
snapshots:
- completed:
    size: 618683
    url: https://raw.githubusercontent.com/commercialhaskell/stackage-snapshots/master/lts/19/4.yaml
    sha256: d4ee004c46ba878d2f304f5d748d493057be579192a8d148527f3ba55c9df57f
  original:
    url: https://raw.githubusercontent.com/commercialhaskell/stackage-snapshots/master/lts/19/4.yaml
